{
  "object": {
    "pins": [
      {
        "package": "CoreStore",
        "repositoryURL": "https://github.com/JohnEstropia/CoreStore.git",
        "state": {
          "branch": null,
          "revision": "5fbb1ab09dcf46aa400a024cd4bbe15875ae9f2a",
          "version": null
        }
      },
      {
        "package": "RxSwift",
        "repositoryURL": "https://github.com/ReactiveX/RxSwift.git",
        "state": {
          "branch": null,
          "revision": "c8742ed97fc2f0c015a5ea5eddefb064cd7532d2",
          "version": "6.0.0"
        }
      }
    ]
  },
  "version": 1
}
